{
  "requires": true,
  "lockfileVersion": 1,
  "dependencies": {
    "sweetalert2": {
      "version": "10.15.5",
      "resolved": "https://registry.npmjs.org/sweetalert2/-/sweetalert2-10.15.5.tgz",
      "integrity": "sha512-zHZqVpsEyfBVy/O25D7RMYyh+/h0jbmHXGK9DWEDnkPvsl4JlMueJRSEidAFS+mtYDLI8fFkGKltgHRvDPRV1g=="
    },
    "sweetalert2-react-content": {
      "version": "3.3.1",
      "resolved": "https://registry.npmjs.org/sweetalert2-react-content/-/sweetalert2-react-content-3.3.1.tgz",
      "integrity": "sha512-wg26qMZdH9a99Rd/6CMH85CKClfYYy6zI41tsN40tsbP4gTHO4zhITbp9y2TTytboFSH2DgKsJzuuEvPikWJtA=="
    }
  }
}
